
Microsoft Visual Studio Solution File, Format Version 12.00
# Visual Studio Version 16
VisualStudioVersion = 16.0.29920.165
MinimumVisualStudioVersion = 10.0.40219.1
Project("{FAE04EC0-301F-11D3-BF4B-00C04F79EFBC}") = "EX27", "EX27.csproj", "{54FEF6B4-1A28-425C-AB6D-DA831E6A83E3}"
EndProject
Global
	GlobalSection(SolutionConfigurationPlatforms) = preSolution
		Debug|Any CPU = Debug|Any CPU
		Release|Any CPU = Release|Any CPU
	EndGlobalSection
	GlobalSection(ProjectConfigurationPlatforms) = postSolution
		{54FEF6B4-1A28-425C-AB6D-DA831E6A83E3}.Debug|Any CPU.ActiveCfg = Debug|Any CPU
		{54FEF6B4-1A28-425C-AB6D-DA831E6A83E3}.Debug|Any CPU.Build.0 = Debug|Any CPU
		{54FEF6B4-1A28-425C-AB6D-DA831E6A83E3}.Release|Any CPU.ActiveCfg = Release|Any CPU
		{54FEF6B4-1A28-425C-AB6D-DA831E6A83E3}.Release|Any CPU.Build.0 = Release|Any CPU
	EndGlobalSection
	GlobalSection(SolutionProperties) = preSolution
		HideSolutionNode = FALSE
	EndGlobalSection
	GlobalSection(ExtensibilityGlobals) = postSolution
		SolutionGuid = {37095F99-ACD2-4B18-9D39-C93D8394A554}
	EndGlobalSection
EndGlobal
